
Microsoft Visual Studio Solution File, Format Version 12.00
# Visual Studio Version 17
VisualStudioVersion = 17.4.33213.308
MinimumVisualStudioVersion = 10.0.40219.1
Project("{FAE04EC0-301F-11D3-BF4B-00C04F79EFBC}") = "racingGame", "racingGame.csproj", "{023F7B6A-CA2C-4349-A28E-C0C79F654E24}"
EndProject
Global
	GlobalSection(SolutionConfigurationPlatforms) = preSolution
		Debug|Any CPU = Debug|Any CPU
		Release|Any CPU = Release|Any CPU
	EndGlobalSection
	GlobalSection(ProjectConfigurationPlatforms) = postSolution
		{023F7B6A-CA2C-4349-A28E-C0C79F654E24}.Debug|Any CPU.ActiveCfg = Debug|Any CPU
		{023F7B6A-CA2C-4349-A28E-C0C79F654E24}.Debug|Any CPU.Build.0 = Debug|Any CPU
		{023F7B6A-CA2C-4349-A28E-C0C79F654E24}.Release|Any CPU.ActiveCfg = Release|Any CPU
		{023F7B6A-CA2C-4349-A28E-C0C79F654E24}.Release|Any CPU.Build.0 = Release|Any CPU
	EndGlobalSection
	GlobalSection(SolutionProperties) = preSolution
		HideSolutionNode = FALSE
	EndGlobalSection
	GlobalSection(ExtensibilityGlobals) = postSolution
		SolutionGuid = {95345E12-4A3E-4D33-80EF-968CA6D4E9B2}
	EndGlobalSection
EndGlobal
